{
  "name": "language-eu4mod",
  "version": "1.0.0",
  "lockfileVersion": 1,
  "requires": true,
  "dependencies": {
    "nan": {
      "version": "2.14.2",
      "resolved": "https://registry.npmjs.org/nan/-/nan-2.14.2.tgz",
      "integrity": "sha512-M2ufzIiINKCuDfBSAUr1vWQ+vuVcA9kqx8JJUsbQi6yf1uGRyb7HfpdfUr5qLXf3B/t8dPvcjhKMmlfnP47EzQ=="
    },
    "tree-sitter-eu4mod": {
      "version": "1.0.1",
      "resolved": "https://registry.npmjs.org/tree-sitter-eu4mod/-/tree-sitter-eu4mod-1.0.1.tgz",
      "integrity": "sha512-EGYY7M2vXX/lpX95ceQEz+K52joJhvCDUbEQWbysTeWQwIGMJNCyhItkDUegz23liQUsmniLpwiQ5Qb85tWgog==",
      "requires": {
        "nan": "^2.14.1"
      }
    }
  }
}
